{
  "object": {
    "pins": [
      {
        "package": "OTPKit",
        "repositoryURL": "https://github.com/belous/OTPKit.git",
        "state": {
          "branch": null,
          "revision": "3393e76db994e9af53755f30d6a09d65a52c033a",
          "version": "0.3.0"
        }
      }
    ]
  },
  "version": 1
}
